// !$*UTF8*$!
{
	archiveVersion = 1;
	classes = {
	};
	objectVersion = 77;
	objects = {

/* Begin PBXBuildFile section */
		30511BF62DF0365A00D0AC11 /* SdkPushExpress in Frameworks */ = {isa = PBXBuildFile; productRef = 30511BF52DF0365A00D0AC11 /* SdkPushExpress */; };
		30511BF92DF036A500D0AC11 /* AppsFlyerLib in Frameworks */ = {isa = PBXBuildFile; productRef = 30511BF82DF036A500D0AC11 /* AppsFlyerLib */; };
		30511BFC2DF0379200D0AC11 /* FirebaseAnalytics in Frameworks */ = {isa = PBXBuildFile; productRef = 30511BFB2DF0379200D0AC11 /* FirebaseAnalytics */; };
		30511BFE2DF0379200D0AC11 /* FirebaseAnalyticsOnDeviceConversion in Frameworks */ = {isa = PBXBuildFile; productRef = 30511BFD2DF0379200D0AC11 /* FirebaseAnalyticsOnDeviceConversion */; };
		30511C002DF0379200D0AC11 /* FirebaseAnalyticsWithoutAdIdSupport in Frameworks */ = {isa = PBXBuildFile; productRef = 30511BFF2DF0379200D0AC11 /* FirebaseAnalyticsWithoutAdIdSupport */; };
		30511C022DF0379200D0AC11 /* FirebaseAuth in Frameworks */ = {isa = PBXBuildFile; productRef = 30511C012DF0379200D0AC11 /* FirebaseAuth */; };
		30511C042DF0379200D0AC11 /* FirebaseCore in Frameworks */ = {isa = PBXBuildFile; productRef = 30511C032DF0379200D0AC11 /* FirebaseCore */; };
		30511C062DF0379200D0AC11 /* FirebaseFirestore in Frameworks */ = {isa = PBXBuildFile; productRef = 30511C052DF0379200D0AC11 /* FirebaseFirestore */; };
		30511C082DF0379200D0AC11 /* FirebaseFunctions in Frameworks */ = {isa = PBXBuildFile; productRef = 30511C072DF0379200D0AC11 /* FirebaseFunctions */; };
		30511C0A2DF0379200D0AC11 /* FirebaseRemoteConfig in Frameworks */ = {isa = PBXBuildFile; productRef = 30511C092DF0379200D0AC11 /* FirebaseRemoteConfig */; };
/* End PBXBuildFile section */

/* Begin PBXFileReference section */
		D57C97F22DD73DCD00EB42DA /* Quest.app */ = {isa = PBXFileReference; explicitFileType = wrapper.application; includeInIndex = 0; path = Quest.app; sourceTree = BUILT_PRODUCTS_DIR; };
/* End PBXFileReference section */

/* Begin PBXFileSystemSynchronizedBuildFileExceptionSet section */
		D57C98042DD73DD000EB42DA /* Exceptions for "Quest" folder in "Quest" target */ = {
			isa = PBXFileSystemSynchronizedBuildFileExceptionSet;
			membershipExceptions = (
				Resources/Info.plist,
			);
			target = D57C97F12DD73DCD00EB42DA /* Quest */;
		};
/* End PBXFileSystemSynchronizedBuildFileExceptionSet section */

/* Begin PBXFileSystemSynchronizedRootGroup section */
		D57C97F42DD73DCD00EB42DA /* Quest */ = {
			isa = PBXFileSystemSynchronizedRootGroup;
			exceptions = (
				D57C98042DD73DD000EB42DA /* Exceptions for "Quest" folder in "Quest" target */,
			);
			path = Quest;
			sourceTree = "<group>";
		};
/* End PBXFileSystemSynchronizedRootGroup section */

/* Begin PBXFrameworksBuildPhase section */
		D57C97EF2DD73DCD00EB42DA /* Frameworks */ = {
			isa = PBXFrameworksBuildPhase;
			buildActionMask = 2147483647;
			files = (
				30511BF62DF0365A00D0AC11 /* SdkPushExpress in Frameworks */,
				30511C022DF0379200D0AC11 /* FirebaseAuth in Frameworks */,
				30511C002DF0379200D0AC11 /* FirebaseAnalyticsWithoutAdIdSupport in Frameworks */,
				30511C082DF0379200D0AC11 /* FirebaseFunctions in Frameworks */,
				30511BF92DF036A500D0AC11 /* AppsFlyerLib in Frameworks */,
				30511C042DF0379200D0AC11 /* FirebaseCore in Frameworks */,
				30511C062DF0379200D0AC11 /* FirebaseFirestore in Frameworks */,
				30511BFC2DF0379200D0AC11 /* FirebaseAnalytics in Frameworks */,
				30511BFE2DF0379200D0AC11 /* FirebaseAnalyticsOnDeviceConversion in Frameworks */,
				30511C0A2DF0379200D0AC11 /* FirebaseRemoteConfig in Frameworks */,
			);
			runOnlyForDeploymentPostprocessing = 0;
		};
/* End PBXFrameworksBuildPhase section */

/* Begin PBXGroup section */
		D57C97E92DD73DCD00EB42DA = {
			isa = PBXGroup;
			children = (
				D57C97F42DD73DCD00EB42DA /* Quest */,
				D57C97F32DD73DCD00EB42DA /* Products */,
			);
			sourceTree = "<group>";
		};
		D57C97F32DD73DCD00EB42DA /* Products */ = {
			isa = PBXGroup;
			children = (
				D57C97F22DD73DCD00EB42DA /* Quest.app */,
			);
			name = Products;
			sourceTree = "<group>";
		};
/* End PBXGroup section */

/* Begin PBXNativeTarget section */
		D57C97F12DD73DCD00EB42DA /* Quest */ = {
			isa = PBXNativeTarget;
			buildConfigurationList = D57C98052DD73DD000EB42DA /* Build configuration list for PBXNativeTarget "Quest" */;
			buildPhases = (
				D57C97EE2DD73DCD00EB42DA /* Sources */,
				D57C97EF2DD73DCD00EB42DA /* Frameworks */,
				D57C97F02DD73DCD00EB42DA /* Resources */,
			);
			buildRules = (
			);
			dependencies = (
			);
			fileSystemSynchronizedGroups = (
				D57C97F42DD73DCD00EB42DA /* Quest */,
			);
			name = Quest;
			packageProductDependencies = (
				30511BF52DF0365A00D0AC11 /* SdkPushExpress */,
				30511BF82DF036A500D0AC11 /* AppsFlyerLib */,
				30511BFB2DF0379200D0AC11 /* FirebaseAnalytics */,
				30511BFD2DF0379200D0AC11 /* FirebaseAnalyticsOnDeviceConversion */,
				30511BFF2DF0379200D0AC11 /* FirebaseAnalyticsWithoutAdIdSupport */,
				30511C012DF0379200D0AC11 /* FirebaseAuth */,
				30511C032DF0379200D0AC11 /* FirebaseCore */,
				30511C052DF0379200D0AC11 /* FirebaseFirestore */,
				30511C072DF0379200D0AC11 /* FirebaseFunctions */,
				30511C092DF0379200D0AC11 /* FirebaseRemoteConfig */,
			);
			productName = Quest;
			productReference = D57C97F22DD73DCD00EB42DA /* Quest.app */;
			productType = "com.apple.product-type.application";
		};
/* End PBXNativeTarget section */

/* Begin PBXProject section */
		D57C97EA2DD73DCD00EB42DA /* Project object */ = {
			isa = PBXProject;
			attributes = {
				BuildIndependentTargetsInParallel = 1;
				LastSwiftUpdateCheck = 1620;
				LastUpgradeCheck = 1620;
				TargetAttributes = {
					D57C97F12DD73DCD00EB42DA = {
						CreatedOnToolsVersion = 16.2;
					};
				};
			};
			buildConfigurationList = D57C97ED2DD73DCD00EB42DA /* Build configuration list for PBXProject "Quest" */;
			developmentRegion = en;
			hasScannedForEncodings = 0;
			knownRegions = (
				en,
				Base,
			);
			mainGroup = D57C97E92DD73DCD00EB42DA;
			minimizedProjectReferenceProxies = 1;
			packageReferences = (
				30511BF42DF0365A00D0AC11 /* XCRemoteSwiftPackageReference "pushexpress-swift-sdk" */,
				30511BF72DF036A500D0AC11 /* XCRemoteSwiftPackageReference "AppsFlyerFramework" */,
				30511BFA2DF0379200D0AC11 /* XCRemoteSwiftPackageReference "firebase-ios-sdk" */,
			);
			preferredProjectObjectVersion = 77;
			productRefGroup = D57C97F32DD73DCD00EB42DA /* Products */;
			projectDirPath = "";
			projectRoot = "";
			targets = (
				D57C97F12DD73DCD00EB42DA /* Quest */,
			);
		};
/* End PBXProject section */

/* Begin PBXResourcesBuildPhase section */
		D57C97F02DD73DCD00EB42DA /* Resources */ = {
			isa = PBXResourcesBuildPhase;
			buildActionMask = 2147483647;
			files = (
			);
			runOnlyForDeploymentPostprocessing = 0;
		};
/* End PBXResourcesBuildPhase section */

/* Begin PBXSourcesBuildPhase section */
		D57C97EE2DD73DCD00EB42DA /* Sources */ = {
			isa = PBXSourcesBuildPhase;
			buildActionMask = 2147483647;
			files = (
			);
			runOnlyForDeploymentPostprocessing = 0;
		};
/* End PBXSourcesBuildPhase section */

/* Begin XCBuildConfiguration section */
		D57C98062DD73DD000EB42DA /* Debug */ = {
			isa = XCBuildConfiguration;
			buildSettings = {
				ASSETCATALOG_COMPILER_APPICON_NAME = AppIcon;
				ASSETCATALOG_COMPILER_GLOBAL_ACCENT_COLOR_NAME = AccentColor;
				CODE_SIGN_STYLE = Manual;
				CURRENT_PROJECT_VERSION = 1;
				DEVELOPMENT_TEAM = "";
				GENERATE_INFOPLIST_FILE = YES;
				INFOPLIST_FILE = Quest/Resources/Info.plist;
				INFOPLIST_KEY_CFBundleDisplayName = TriPick;
				INFOPLIST_KEY_NSPhotoLibraryUsageDescription = "We need access to your photo library to let you choose an image for your profile icon.";
				INFOPLIST_KEY_UIApplicationSupportsIndirectInputEvents = YES;
				INFOPLIST_KEY_UILaunchStoryboardName = LaunchScreen;
				INFOPLIST_KEY_UIMainStoryboardFile = Main;
				INFOPLIST_KEY_UISupportedInterfaceOrientations = UIInterfaceOrientationPortrait;
				INFOPLIST_KEY_UISupportedInterfaceOrientations_iPad = "UIInterfaceOrientationLandscapeLeft UIInterfaceOrientationLandscapeRight UIInterfaceOrientationPortrait UIInterfaceOrientationPortraitUpsideDown";
				INFOPLIST_KEY_UIUserInterfaceStyle = Light;
				IPHONEOS_DEPLOYMENT_TARGET = 16.0;
				LD_RUNPATH_SEARCH_PATHS = (
					"$(inherited)",
					"@executable_path/Frameworks",
				);
				MARKETING_VERSION = 1.1;
				PRODUCT_BUNDLE_IDENTIFIER = com.alimeqebaali;
				PRODUCT_NAME = "$(TARGET_NAME)";
				PROVISIONING_PROFILE_SPECIFIER = "";
				SUPPORTED_PLATFORMS = "iphoneos iphonesimulator";
				SUPPORTS_MACCATALYST = NO;
				SUPPORTS_MAC_DESIGNED_FOR_IPHONE_IPAD = NO;
				SUPPORTS_XR_DESIGNED_FOR_IPHONE_IPAD = NO;
				SWIFT_EMIT_LOC_STRINGS = YES;
				SWIFT_VERSION = 5.0;
				TARGETED_DEVICE_FAMILY = 1;
			};
			name = Debug;
		};
		D57C98072DD73DD000EB42DA /* Release */ = {
			isa = XCBuildConfiguration;
			buildSettings = {
				ASSETCATALOG_COMPILER_APPICON_NAME = AppIcon;
				ASSETCATALOG_COMPILER_GLOBAL_ACCENT_COLOR_NAME = AccentColor;
				CODE_SIGN_STYLE = Manual;
				CURRENT_PROJECT_VERSION = 1;
				DEVELOPMENT_TEAM = "";
				GENERATE_INFOPLIST_FILE = YES;
				INFOPLIST_FILE = Quest/Resources/Info.plist;
				INFOPLIST_KEY_CFBundleDisplayName = TriPick;
				INFOPLIST_KEY_NSPhotoLibraryUsageDescription = "We need access to your photo library to let you choose an image for your profile icon.";
				INFOPLIST_KEY_UIApplicationSupportsIndirectInputEvents = YES;
				INFOPLIST_KEY_UILaunchStoryboardName = LaunchScreen;
				INFOPLIST_KEY_UIMainStoryboardFile = Main;
				INFOPLIST_KEY_UISupportedInterfaceOrientations = UIInterfaceOrientationPortrait;
				INFOPLIST_KEY_UISupportedInterfaceOrientations_iPad = "UIInterfaceOrientationLandscapeLeft UIInterfaceOrientationLandscapeRight UIInterfaceOrientationPortrait UIInterfaceOrientationPortraitUpsideDown";
				INFOPLIST_KEY_UIUserInterfaceStyle = Light;
				IPHONEOS_DEPLOYMENT_TARGET = 16.0;
				LD_RUNPATH_SEARCH_PATHS = (
					"$(inherited)",
					"@executable_path/Frameworks",
				);
				MARKETING_VERSION = 1.1;
				PRODUCT_BUNDLE_IDENTIFIER = com.alimeqebaali;
				PRODUCT_NAME = "$(TARGET_NAME)";
				PROVISIONING_PROFILE_SPECIFIER = "";
				SUPPORTED_PLATFORMS = "iphoneos iphonesimulator";
				SUPPORTS_MACCATALYST = NO;
				SUPPORTS_MAC_DESIGNED_FOR_IPHONE_IPAD = NO;
				SUPPORTS_XR_DESIGNED_FOR_IPHONE_IPAD = NO;
				SWIFT_EMIT_LOC_STRINGS = YES;
				SWIFT_VERSION = 5.0;
				TARGETED_DEVICE_FAMILY = 1;
			};
			name = Release;
		};
		D57C98082DD73DD000EB42DA /* Debug */ = {
			isa = XCBuildConfiguration;
			buildSettings = {
				ALWAYS_SEARCH_USER_PATHS = NO;
				ASSETCATALOG_COMPILER_GENERATE_SWIFT_ASSET_SYMBOL_EXTENSIONS = YES;
				CLANG_ANALYZER_NONNULL = YES;
				CLANG_ANALYZER_NUMBER_OBJECT_CONVERSION = YES_AGGRESSIVE;
				CLANG_CXX_LANGUAGE_STANDARD = "gnu++20";
				CLANG_ENABLE_MODULES = YES;
				CLANG_ENABLE_OBJC_ARC = YES;
				CLANG_ENABLE_OBJC_WEAK = YES;
				CLANG_WARN_BLOCK_CAPTURE_AUTORELEASING = YES;
				CLANG_WARN_BOOL_CONVERSION = YES;
				CLANG_WARN_COMMA = YES;
				CLANG_WARN_CONSTANT_CONVERSION = YES;
				CLANG_WARN_DEPRECATED_OBJC_IMPLEMENTATIONS = YES;
				CLANG_WARN_DIRECT_OBJC_ISA_USAGE = YES_ERROR;
				CLANG_WARN_DOCUMENTATION_COMMENTS = YES;
				CLANG_WARN_EMPTY_BODY = YES;
				CLANG_WARN_ENUM_CONVERSION = YES;
				CLANG_WARN_INFINITE_RECURSION = YES;
				CLANG_WARN_INT_CONVERSION = YES;
				CLANG_WARN_NON_LITERAL_NULL_CONVERSION = YES;
				CLANG_WARN_OBJC_IMPLICIT_RETAIN_SELF = YES;
				CLANG_WARN_OBJC_LITERAL_CONVERSION = YES;
				CLANG_WARN_OBJC_ROOT_CLASS = YES_ERROR;
				CLANG_WARN_QUOTED_INCLUDE_IN_FRAMEWORK_HEADER = YES;
				CLANG_WARN_RANGE_LOOP_ANALYSIS = YES;
				CLANG_WARN_STRICT_PROTOTYPES = YES;
				CLANG_WARN_SUSPICIOUS_MOVE = YES;
				CLANG_WARN_UNGUARDED_AVAILABILITY = YES_AGGRESSIVE;
				CLANG_WARN_UNREACHABLE_CODE = YES;
				CLANG_WARN__DUPLICATE_METHOD_MATCH = YES;
				COPY_PHASE_STRIP = NO;
				DEBUG_INFORMATION_FORMAT = dwarf;
				ENABLE_STRICT_OBJC_MSGSEND = YES;
				ENABLE_TESTABILITY = YES;
				ENABLE_USER_SCRIPT_SANDBOXING = YES;
				GCC_C_LANGUAGE_STANDARD = gnu17;
				GCC_DYNAMIC_NO_PIC = NO;
				GCC_NO_COMMON_BLOCKS = YES;
				GCC_OPTIMIZATION_LEVEL = 0;
				GCC_PREPROCESSOR_DEFINITIONS = (
					"DEBUG=1",
					"$(inherited)",
				);
				GCC_WARN_64_TO_32_BIT_CONVERSION = YES;
				GCC_WARN_ABOUT_RETURN_TYPE = YES_ERROR;
				GCC_WARN_UNDECLARED_SELECTOR = YES;
				GCC_WARN_UNINITIALIZED_AUTOS = YES_AGGRESSIVE;
				GCC_WARN_UNUSED_FUNCTION = YES;
				GCC_WARN_UNUSED_VARIABLE = YES;
				IPHONEOS_DEPLOYMENT_TARGET = 18.2;
				LOCALIZATION_PREFERS_STRING_CATALOGS = YES;
				MTL_ENABLE_DEBUG_INFO = INCLUDE_SOURCE;
				MTL_FAST_MATH = YES;
				ONLY_ACTIVE_ARCH = YES;
				SDKROOT = iphoneos;
				SWIFT_ACTIVE_COMPILATION_CONDITIONS = "DEBUG $(inherited)";
				SWIFT_OPTIMIZATION_LEVEL = "-Onone";
			};
			name = Debug;
		};
		D57C98092DD73DD000EB42DA /* Release */ = {
			isa = XCBuildConfiguration;
			buildSettings = {
				ALWAYS_SEARCH_USER_PATHS = NO;
				ASSETCATALOG_COMPILER_GENERATE_SWIFT_ASSET_SYMBOL_EXTENSIONS = YES;
				CLANG_ANALYZER_NONNULL = YES;
				CLANG_ANALYZER_NUMBER_OBJECT_CONVERSION = YES_AGGRESSIVE;
				CLANG_CXX_LANGUAGE_STANDARD = "gnu++20";
				CLANG_ENABLE_MODULES = YES;
				CLANG_ENABLE_OBJC_ARC = YES;
				CLANG_ENABLE_OBJC_WEAK = YES;
				CLANG_WARN_BLOCK_CAPTURE_AUTORELEASING = YES;
				CLANG_WARN_BOOL_CONVERSION = YES;
				CLANG_WARN_COMMA = YES;
				CLANG_WARN_CONSTANT_CONVERSION = YES;
				CLANG_WARN_DEPRECATED_OBJC_IMPLEMENTATIONS = YES;
				CLANG_WARN_DIRECT_OBJC_ISA_USAGE = YES_ERROR;
				CLANG_WARN_DOCUMENTATION_COMMENTS = YES;
				CLANG_WARN_EMPTY_BODY = YES;
				CLANG_WARN_ENUM_CONVERSION = YES;
				CLANG_WARN_INFINITE_RECURSION = YES;
				CLANG_WARN_INT_CONVERSION = YES;
				CLANG_WARN_NON_LITERAL_NULL_CONVERSION = YES;
				CLANG_WARN_OBJC_IMPLICIT_RETAIN_SELF = YES;
				CLANG_WARN_OBJC_LITERAL_CONVERSION = YES;
				CLANG_WARN_OBJC_ROOT_CLASS = YES_ERROR;
				CLANG_WARN_QUOTED_INCLUDE_IN_FRAMEWORK_HEADER = YES;
				CLANG_WARN_RANGE_LOOP_ANALYSIS = YES;
				CLANG_WARN_STRICT_PROTOTYPES = YES;
				CLANG_WARN_SUSPICIOUS_MOVE = YES;
				CLANG_WARN_UNGUARDED_AVAILABILITY = YES_AGGRESSIVE;
				CLANG_WARN_UNREACHABLE_CODE = YES;
				CLANG_WARN__DUPLICATE_METHOD_MATCH = YES;
				COPY_PHASE_STRIP = NO;
				DEBUG_INFORMATION_FORMAT = "dwarf-with-dsym";
				ENABLE_NS_ASSERTIONS = NO;
				ENABLE_STRICT_OBJC_MSGSEND = YES;
				ENABLE_USER_SCRIPT_SANDBOXING = YES;
				GCC_C_LANGUAGE_STANDARD = gnu17;
				GCC_NO_COMMON_BLOCKS = YES;
				GCC_WARN_64_TO_32_BIT_CONVERSION = YES;
				GCC_WARN_ABOUT_RETURN_TYPE = YES_ERROR;
				GCC_WARN_UNDECLARED_SELECTOR = YES;
				GCC_WARN_UNINITIALIZED_AUTOS = YES_AGGRESSIVE;
				GCC_WARN_UNUSED_FUNCTION = YES;
				GCC_WARN_UNUSED_VARIABLE = YES;
				IPHONEOS_DEPLOYMENT_TARGET = 18.2;
				LOCALIZATION_PREFERS_STRING_CATALOGS = YES;
				MTL_ENABLE_DEBUG_INFO = NO;
				MTL_FAST_MATH = YES;
				SDKROOT = iphoneos;
				SWIFT_COMPILATION_MODE = wholemodule;
				VALIDATE_PRODUCT = YES;
			};
			name = Release;
		};
/* End XCBuildConfiguration section */

/* Begin XCConfigurationList section */
		D57C97ED2DD73DCD00EB42DA /* Build configuration list for PBXProject "Quest" */ = {
			isa = XCConfigurationList;
			buildConfigurations = (
				D57C98082DD73DD000EB42DA /* Debug */,
				D57C98092DD73DD000EB42DA /* Release */,
			);
			defaultConfigurationIsVisible = 0;
			defaultConfigurationName = Release;
		};
		D57C98052DD73DD000EB42DA /* Build configuration list for PBXNativeTarget "Quest" */ = {
			isa = XCConfigurationList;
			buildConfigurations = (
				D57C98062DD73DD000EB42DA /* Debug */,
				D57C98072DD73DD000EB42DA /* Release */,
			);
			defaultConfigurationIsVisible = 0;
			defaultConfigurationName = Release;
		};
/* End XCConfigurationList section */

/* Begin XCRemoteSwiftPackageReference section */
		30511BF42DF0365A00D0AC11 /* XCRemoteSwiftPackageReference "pushexpress-swift-sdk" */ = {
			isa = XCRemoteSwiftPackageReference;
			repositoryURL = "https://github.com/pushexpress/pushexpress-swift-sdk";
			requirement = {
				branch = main;
				kind = branch;
			};
		};
		30511BF72DF036A500D0AC11 /* XCRemoteSwiftPackageReference "AppsFlyerFramework" */ = {
			isa = XCRemoteSwiftPackageReference;
			repositoryURL = "https://github.com/AppsFlyerSDK/AppsFlyerFramework";
			requirement = {
				kind = upToNextMajorVersion;
				minimumVersion = 6.17.0;
			};
		};
		30511BFA2DF0379200D0AC11 /* XCRemoteSwiftPackageReference "firebase-ios-sdk" */ = {
			isa = XCRemoteSwiftPackageReference;
			repositoryURL = "https://github.com/firebase/firebase-ios-sdk";
			requirement = {
				kind = upToNextMajorVersion;
				minimumVersion = 11.14.0;
			};
		};
/* End XCRemoteSwiftPackageReference section */

/* Begin XCSwiftPackageProductDependency section */
		30511BF52DF0365A00D0AC11 /* SdkPushExpress */ = {
			isa = XCSwiftPackageProductDependency;
			package = 30511BF42DF0365A00D0AC11 /* XCRemoteSwiftPackageReference "pushexpress-swift-sdk" */;
			productName = SdkPushExpress;
		};
		30511BF82DF036A500D0AC11 /* AppsFlyerLib */ = {
			isa = XCSwiftPackageProductDependency;
			package = 30511BF72DF036A500D0AC11 /* XCRemoteSwiftPackageReference "AppsFlyerFramework" */;
			productName = AppsFlyerLib;
		};
		30511BFB2DF0379200D0AC11 /* FirebaseAnalytics */ = {
			isa = XCSwiftPackageProductDependency;
			package = 30511BFA2DF0379200D0AC11 /* XCRemoteSwiftPackageReference "firebase-ios-sdk" */;
			productName = FirebaseAnalytics;
		};
		30511BFD2DF0379200D0AC11 /* FirebaseAnalyticsOnDeviceConversion */ = {
			isa = XCSwiftPackageProductDependency;
			package = 30511BFA2DF0379200D0AC11 /* XCRemoteSwiftPackageReference "firebase-ios-sdk" */;
			productName = FirebaseAnalyticsOnDeviceConversion;
		};
		30511BFF2DF0379200D0AC11 /* FirebaseAnalyticsWithoutAdIdSupport */ = {
			isa = XCSwiftPackageProductDependency;
			package = 30511BFA2DF0379200D0AC11 /* XCRemoteSwiftPackageReference "firebase-ios-sdk" */;
			productName = FirebaseAnalyticsWithoutAdIdSupport;
		};
		30511C012DF0379200D0AC11 /* FirebaseAuth */ = {
			isa = XCSwiftPackageProductDependency;
			package = 30511BFA2DF0379200D0AC11 /* XCRemoteSwiftPackageReference "firebase-ios-sdk" */;
			productName = FirebaseAuth;
		};
		30511C032DF0379200D0AC11 /* FirebaseCore */ = {
			isa = XCSwiftPackageProductDependency;
			package = 30511BFA2DF0379200D0AC11 /* XCRemoteSwiftPackageReference "firebase-ios-sdk" */;
			productName = FirebaseCore;
		};
		30511C052DF0379200D0AC11 /* FirebaseFirestore */ = {
			isa = XCSwiftPackageProductDependency;
			package = 30511BFA2DF0379200D0AC11 /* XCRemoteSwiftPackageReference "firebase-ios-sdk" */;
			productName = FirebaseFirestore;
		};
		30511C072DF0379200D0AC11 /* FirebaseFunctions */ = {
			isa = XCSwiftPackageProductDependency;
			package = 30511BFA2DF0379200D0AC11 /* XCRemoteSwiftPackageReference "firebase-ios-sdk" */;
			productName = FirebaseFunctions;
		};
		30511C092DF0379200D0AC11 /* FirebaseRemoteConfig */ = {
			isa = XCSwiftPackageProductDependency;
			package = 30511BFA2DF0379200D0AC11 /* XCRemoteSwiftPackageReference "firebase-ios-sdk" */;
			productName = FirebaseRemoteConfig;
		};
/* End XCSwiftPackageProductDependency section */
	};
	rootObject = D57C97EA2DD73DCD00EB42DA /* Project object */;
}
