// !$*UTF8*$!
{
	archiveVersion = 1;
	classes = {
	};
	objectVersion = 77;
	objects = {

/* Begin PBXBuildFile section */
		30511BF62DF0365A00D0AC11 /* SdkPushExpress in Frameworks */ = {isa = PBXBuildFile; productRef = 30511BF52DF0365A00D0AC11 /* SdkPushExpress */; };
		30511BF92DF036A500D0AC11 /* AppsFlyerLib in Frameworks */ = {isa = PBXBuildFile; productRef = 30511BF82DF036A500D0AC11 /* AppsFlyerLib */; };
		30511C6B2DF04D1F00D0AC11 /* notificationsvc.appex in Embed Foundation Extensions */ = {isa = PBXBuildFile; fileRef = 30511C642DF04D1F00D0AC11 /* notificationsvc.appex */; settings = {ATTRIBUTES = (RemoveHeadersOnCopy, ); }; };
		30511C742DF04DDF00D0AC11 /* SdkPushExpress in Frameworks */ = {isa = PBXBuildFile; productRef = 30511C732DF04DDF00D0AC11 /* SdkPushExpress */; };
		30511C762DF0509D00D0AC11 /* PrivacyInfo.xcprivacy in Resources */ = {isa = PBXBuildFile; fileRef = 30511C752DF0509D00D0AC11 /* PrivacyInfo.xcprivacy */; };
		30511C782DF0515700D0AC11 /* AdSupport.framework in Frameworks */ = {isa = PBXBuildFile; fileRef = 30511C772DF0515700D0AC11 /* AdSupport.framework */; };
		30511D212DF0749E00D0AC11 /* FirebaseAnalytics in Frameworks */ = {isa = PBXBuildFile; productRef = 30511D202DF0749E00D0AC11 /* FirebaseAnalytics */; };
		30511D252DF0749E00D0AC11 /* FirebaseAnalyticsWithoutAdIdSupport in Frameworks */ = {isa = PBXBuildFile; productRef = 30511D242DF0749E00D0AC11 /* FirebaseAnalyticsWithoutAdIdSupport */; };
		30511D272DF0749E00D0AC11 /* FirebaseAuth in Frameworks */ = {isa = PBXBuildFile; productRef = 30511D262DF0749E00D0AC11 /* FirebaseAuth */; };
		30511D292DF0749E00D0AC11 /* FirebaseCore in Frameworks */ = {isa = PBXBuildFile; productRef = 30511D282DF0749E00D0AC11 /* FirebaseCore */; };
		30511D2B2DF0749E00D0AC11 /* FirebaseFirestore in Frameworks */ = {isa = PBXBuildFile; productRef = 30511D2A2DF0749E00D0AC11 /* FirebaseFirestore */; };
		30511D2D2DF0749E00D0AC11 /* FirebaseFunctions in Frameworks */ = {isa = PBXBuildFile; productRef = 30511D2C2DF0749E00D0AC11 /* FirebaseFunctions */; };
		30511D2F2DF0749E00D0AC11 /* FirebaseRemoteConfig in Frameworks */ = {isa = PBXBuildFile; productRef = 30511D2E2DF0749E00D0AC11 /* FirebaseRemoteConfig */; };
/* End PBXBuildFile section */

/* Begin PBXContainerItemProxy section */
		30511C692DF04D1F00D0AC11 /* PBXContainerItemProxy */ = {
			isa = PBXContainerItemProxy;
			containerPortal = D57C97EA2DD73DCD00EB42DA /* Project object */;
			proxyType = 1;
			remoteGlobalIDString = 30511C632DF04D1F00D0AC11;
			remoteInfo = notificationsvc;
		};
/* End PBXContainerItemProxy section */

/* Begin PBXCopyFilesBuildPhase section */
		30511C702DF04D1F00D0AC11 /* Embed Foundation Extensions */ = {
			isa = PBXCopyFilesBuildPhase;
			buildActionMask = 2147483647;
			dstPath = "";
			dstSubfolderSpec = 13;
			files = (
				30511C6B2DF04D1F00D0AC11 /* notificationsvc.appex in Embed Foundation Extensions */,
			);
			name = "Embed Foundation Extensions";
			runOnlyForDeploymentPostprocessing = 0;
		};
/* End PBXCopyFilesBuildPhase section */

/* Begin PBXFileReference section */
		30511C642DF04D1F00D0AC11 /* notificationsvc.appex */ = {isa = PBXFileReference; explicitFileType = "wrapper.app-extension"; includeInIndex = 0; path = notificationsvc.appex; sourceTree = BUILT_PRODUCTS_DIR; };
		30511C752DF0509D00D0AC11 /* PrivacyInfo.xcprivacy */ = {isa = PBXFileReference; lastKnownFileType = text.xml; path = PrivacyInfo.xcprivacy; sourceTree = "<group>"; };
		30511C772DF0515700D0AC11 /* AdSupport.framework */ = {isa = PBXFileReference; lastKnownFileType = wrapper.framework; name = AdSupport.framework; path = System/Library/Frameworks/AdSupport.framework; sourceTree = SDKROOT; };
		D57C97F22DD73DCD00EB42DA /* Quest.app */ = {isa = PBXFileReference; explicitFileType = wrapper.application; includeInIndex = 0; path = Quest.app; sourceTree = BUILT_PRODUCTS_DIR; };
/* End PBXFileReference section */

/* Begin PBXFileSystemSynchronizedBuildFileExceptionSet section */
		30511C6F2DF04D1F00D0AC11 /* Exceptions for "notificationsvc" folder in "notificationsvc" target */ = {
			isa = PBXFileSystemSynchronizedBuildFileExceptionSet;
			membershipExceptions = (
				Info.plist,
			);
			target = 30511C632DF04D1F00D0AC11 /* notificationsvc */;
		};
		D57C98042DD73DD000EB42DA /* Exceptions for "Quest" folder in "Quest" target */ = {
			isa = PBXFileSystemSynchronizedBuildFileExceptionSet;
			membershipExceptions = (
				Resources/Info.plist,
			);
			target = D57C97F12DD73DCD00EB42DA /* Quest */;
		};
/* End PBXFileSystemSynchronizedBuildFileExceptionSet section */

/* Begin PBXFileSystemSynchronizedRootGroup section */
		30511C652DF04D1F00D0AC11 /* notificationsvc */ = {
			isa = PBXFileSystemSynchronizedRootGroup;
			exceptions = (
				30511C6F2DF04D1F00D0AC11 /* Exceptions for "notificationsvc" folder in "notificationsvc" target */,
			);
			path = notificationsvc;
			sourceTree = "<group>";
		};
		D57C97F42DD73DCD00EB42DA /* Quest */ = {
			isa = PBXFileSystemSynchronizedRootGroup;
			exceptions = (
				D57C98042DD73DD000EB42DA /* Exceptions for "Quest" folder in "Quest" target */,
			);
			path = Quest;
			sourceTree = "<group>";
		};
/* End PBXFileSystemSynchronizedRootGroup section */

/* Begin PBXFrameworksBuildPhase section */
		30511C612DF04D1F00D0AC11 /* Frameworks */ = {
			isa = PBXFrameworksBuildPhase;
			buildActionMask = 2147483647;
			files = (
				30511C742DF04DDF00D0AC11 /* SdkPushExpress in Frameworks */,
			);
			runOnlyForDeploymentPostprocessing = 0;
		};
		D57C97EF2DD73DCD00EB42DA /* Frameworks */ = {
			isa = PBXFrameworksBuildPhase;
			buildActionMask = 2147483647;
			files = (
				30511D2F2DF0749E00D0AC11 /* FirebaseRemoteConfig in Frameworks */,
				30511BF62DF0365A00D0AC11 /* SdkPushExpress in Frameworks */,
				30511D252DF0749E00D0AC11 /* FirebaseAnalyticsWithoutAdIdSupport in Frameworks */,
				30511BF92DF036A500D0AC11 /* AppsFlyerLib in Frameworks */,
				30511D212DF0749E00D0AC11 /* FirebaseAnalytics in Frameworks */,
				30511D2B2DF0749E00D0AC11 /* FirebaseFirestore in Frameworks */,
				30511D272DF0749E00D0AC11 /* FirebaseAuth in Frameworks */,
				30511D2D2DF0749E00D0AC11 /* FirebaseFunctions in Frameworks */,
				30511D292DF0749E00D0AC11 /* FirebaseCore in Frameworks */,
				30511C782DF0515700D0AC11 /* AdSupport.framework in Frameworks */,
			);
			runOnlyForDeploymentPostprocessing = 0;
		};
/* End PBXFrameworksBuildPhase section */

/* Begin PBXGroup section */
		30511C722DF04DDF00D0AC11 /* Frameworks */ = {
			isa = PBXGroup;
			children = (
				30511C772DF0515700D0AC11 /* AdSupport.framework */,
			);
			name = Frameworks;
			sourceTree = "<group>";
		};
		D57C97E92DD73DCD00EB42DA = {
			isa = PBXGroup;
			children = (
				30511C752DF0509D00D0AC11 /* PrivacyInfo.xcprivacy */,
				D57C97F42DD73DCD00EB42DA /* Quest */,
				30511C652DF04D1F00D0AC11 /* notificationsvc */,
				30511C722DF04DDF00D0AC11 /* Frameworks */,
				D57C97F32DD73DCD00EB42DA /* Products */,
			);
			sourceTree = "<group>";
		};
		D57C97F32DD73DCD00EB42DA /* Products */ = {
			isa = PBXGroup;
			children = (
				D57C97F22DD73DCD00EB42DA /* Quest.app */,
				30511C642DF04D1F00D0AC11 /* notificationsvc.appex */,
			);
			name = Products;
			sourceTree = "<group>";
		};
/* End PBXGroup section */

/* Begin PBXNativeTarget section */
		30511C632DF04D1F00D0AC11 /* notificationsvc */ = {
			isa = PBXNativeTarget;
			buildConfigurationList = 30511C6C2DF04D1F00D0AC11 /* Build configuration list for PBXNativeTarget "notificationsvc" */;
			buildPhases = (
				30511C602DF04D1F00D0AC11 /* Sources */,
				30511C612DF04D1F00D0AC11 /* Frameworks */,
				30511C622DF04D1F00D0AC11 /* Resources */,
			);
			buildRules = (
			);
			dependencies = (
			);
			fileSystemSynchronizedGroups = (
				30511C652DF04D1F00D0AC11 /* notificationsvc */,
			);
			name = notificationsvc;
			packageProductDependencies = (
				30511C732DF04DDF00D0AC11 /* SdkPushExpress */,
			);
			productName = notificationsvc;
			productReference = 30511C642DF04D1F00D0AC11 /* notificationsvc.appex */;
			productType = "com.apple.product-type.app-extension";
		};
		D57C97F12DD73DCD00EB42DA /* Quest */ = {
			isa = PBXNativeTarget;
			buildConfigurationList = D57C98052DD73DD000EB42DA /* Build configuration list for PBXNativeTarget "Quest" */;
			buildPhases = (
				D57C97EE2DD73DCD00EB42DA /* Sources */,
				D57C97EF2DD73DCD00EB42DA /* Frameworks */,
				D57C97F02DD73DCD00EB42DA /* Resources */,
				30511C702DF04D1F00D0AC11 /* Embed Foundation Extensions */,
			);
			buildRules = (
			);
			dependencies = (
				30511C6A2DF04D1F00D0AC11 /* PBXTargetDependency */,
			);
			fileSystemSynchronizedGroups = (
				D57C97F42DD73DCD00EB42DA /* Quest */,
			);
			name = Quest;
			packageProductDependencies = (
				30511BF52DF0365A00D0AC11 /* SdkPushExpress */,
				30511BF82DF036A500D0AC11 /* AppsFlyerLib */,
				30511D202DF0749E00D0AC11 /* FirebaseAnalytics */,
				30511D242DF0749E00D0AC11 /* FirebaseAnalyticsWithoutAdIdSupport */,
				30511D262DF0749E00D0AC11 /* FirebaseAuth */,
				30511D282DF0749E00D0AC11 /* FirebaseCore */,
				30511D2A2DF0749E00D0AC11 /* FirebaseFirestore */,
				30511D2C2DF0749E00D0AC11 /* FirebaseFunctions */,
				30511D2E2DF0749E00D0AC11 /* FirebaseRemoteConfig */,
			);
			productName = Quest;
			productReference = D57C97F22DD73DCD00EB42DA /* Quest.app */;
			productType = "com.apple.product-type.application";
		};
/* End PBXNativeTarget section */

/* Begin PBXProject section */
		D57C97EA2DD73DCD00EB42DA /* Project object */ = {
			isa = PBXProject;
			attributes = {
				BuildIndependentTargetsInParallel = 1;
				LastSwiftUpdateCheck = 1600;
				LastUpgradeCheck = 1620;
				TargetAttributes = {
					30511C632DF04D1F00D0AC11 = {
						CreatedOnToolsVersion = 16.0;
					};
					D57C97F12DD73DCD00EB42DA = {
						CreatedOnToolsVersion = 16.2;
					};
				};
			};
			buildConfigurationList = D57C97ED2DD73DCD00EB42DA /* Build configuration list for PBXProject "Quest" */;
			developmentRegion = en;
			hasScannedForEncodings = 0;
			knownRegions = (
				en,
				Base,
			);
			mainGroup = D57C97E92DD73DCD00EB42DA;
			minimizedProjectReferenceProxies = 1;
			packageReferences = (
				30511BF42DF0365A00D0AC11 /* XCRemoteSwiftPackageReference "pushexpress-swift-sdk" */,
				30511BF72DF036A500D0AC11 /* XCRemoteSwiftPackageReference "AppsFlyerFramework" */,
				30511D1F2DF0749E00D0AC11 /* XCRemoteSwiftPackageReference "firebase-ios-sdk" */,
			);
			preferredProjectObjectVersion = 77;
			productRefGroup = D57C97F32DD73DCD00EB42DA /* Products */;
			projectDirPath = "";
			projectRoot = "";
			targets = (
				D57C97F12DD73DCD00EB42DA /* Quest */,
				30511C632DF04D1F00D0AC11 /* notificationsvc */,
			);
		};
/* End PBXProject section */

/* Begin PBXResourcesBuildPhase section */
		30511C622DF04D1F00D0AC11 /* Resources */ = {
			isa = PBXResourcesBuildPhase;
			buildActionMask = 2147483647;
			files = (
			);
			runOnlyForDeploymentPostprocessing = 0;
		};
		D57C97F02DD73DCD00EB42DA /* Resources */ = {
			isa = PBXResourcesBuildPhase;
			buildActionMask = 2147483647;
			files = (
				30511C762DF0509D00D0AC11 /* PrivacyInfo.xcprivacy in Resources */,
			);
			runOnlyForDeploymentPostprocessing = 0;
		};
/* End PBXResourcesBuildPhase section */

/* Begin PBXSourcesBuildPhase section */
		30511C602DF04D1F00D0AC11 /* Sources */ = {
			isa = PBXSourcesBuildPhase;
			buildActionMask = 2147483647;
			files = (
			);
			runOnlyForDeploymentPostprocessing = 0;
		};
		D57C97EE2DD73DCD00EB42DA /* Sources */ = {
			isa = PBXSourcesBuildPhase;
			buildActionMask = 2147483647;
			files = (
			);
			runOnlyForDeploymentPostprocessing = 0;
		};
/* End PBXSourcesBuildPhase section */

/* Begin PBXTargetDependency section */
		30511C6A2DF04D1F00D0AC11 /* PBXTargetDependency */ = {
			isa = PBXTargetDependency;
			target = 30511C632DF04D1F00D0AC11 /* notificationsvc */;
			targetProxy = 30511C692DF04D1F00D0AC11 /* PBXContainerItemProxy */;
		};
/* End PBXTargetDependency section */

/* Begin XCBuildConfiguration section */
		30511C6D2DF04D1F00D0AC11 /* Debug */ = {
			isa = XCBuildConfiguration;
			buildSettings = {
				CODE_SIGN_STYLE = Manual;
				CURRENT_PROJECT_VERSION = 1;
				DEVELOPMENT_TEAM = "";
				GENERATE_INFOPLIST_FILE = YES;
				INFOPLIST_FILE = notificationsvc/Info.plist;
				INFOPLIST_KEY_CFBundleDisplayName = notificationsvc;
				INFOPLIST_KEY_NSHumanReadableCopyright = "";
				IPHONEOS_DEPLOYMENT_TARGET = 16.0;
				LD_RUNPATH_SEARCH_PATHS = (
					"$(inherited)",
					"@executable_path/Frameworks",
					"@executable_path/../../Frameworks",
				);
				MARKETING_VERSION = 1.1;
				PRODUCT_BUNDLE_IDENTIFIER = com.alimeqebaali.notificationsvc;
				PRODUCT_NAME = "$(TARGET_NAME)";
				PROVISIONING_PROFILE_SPECIFIER = "";
				SKIP_INSTALL = YES;
				SUPPORTED_PLATFORMS = "iphoneos iphonesimulator";
				SUPPORTS_MACCATALYST = NO;
				SUPPORTS_MAC_DESIGNED_FOR_IPHONE_IPAD = NO;
				SUPPORTS_XR_DESIGNED_FOR_IPHONE_IPAD = NO;
				SWIFT_EMIT_LOC_STRINGS = YES;
				SWIFT_VERSION = 5.0;
				TARGETED_DEVICE_FAMILY = 1;
			};
			name = Debug;
		};
		30511C6E2DF04D1F00D0AC11 /* Release */ = {
			isa = XCBuildConfiguration;
			buildSettings = {
				CODE_SIGN_STYLE = Manual;
				CURRENT_PROJECT_VERSION = 1;
				DEVELOPMENT_TEAM = "";
				GENERATE_INFOPLIST_FILE = YES;
				INFOPLIST_FILE = notificationsvc/Info.plist;
				INFOPLIST_KEY_CFBundleDisplayName = notificationsvc;
				INFOPLIST_KEY_NSHumanReadableCopyright = "";
				IPHONEOS_DEPLOYMENT_TARGET = 16.0;
				LD_RUNPATH_SEARCH_PATHS = (
					"$(inherited)",
					"@executable_path/Frameworks",
					"@executable_path/../../Frameworks",
				);
				MARKETING_VERSION = 1.1;
				PRODUCT_BUNDLE_IDENTIFIER = com.alimeqebaali.notificationsvc;
				PRODUCT_NAME = "$(TARGET_NAME)";
				PROVISIONING_PROFILE_SPECIFIER = "";
				SKIP_INSTALL = YES;
				SUPPORTED_PLATFORMS = "iphoneos iphonesimulator";
				SUPPORTS_MACCATALYST = NO;
				SUPPORTS_MAC_DESIGNED_FOR_IPHONE_IPAD = NO;
				SUPPORTS_XR_DESIGNED_FOR_IPHONE_IPAD = NO;
				SWIFT_EMIT_LOC_STRINGS = YES;
				SWIFT_VERSION = 5.0;
				TARGETED_DEVICE_FAMILY = 1;
			};
			name = Release;
		};
		D57C98062DD73DD000EB42DA /* Debug */ = {
			isa = XCBuildConfiguration;
			buildSettings = {
				ASSETCATALOG_COMPILER_APPICON_NAME = AppIcon;
				ASSETCATALOG_COMPILER_GLOBAL_ACCENT_COLOR_NAME = AccentColor;
				CODE_SIGN_ENTITLEMENTS = Quest/Quest.entitlements;
				CODE_SIGN_STYLE = Manual;
				CURRENT_PROJECT_VERSION = 1;
				DEVELOPMENT_TEAM = "";
				GENERATE_INFOPLIST_FILE = YES;
				INFOPLIST_FILE = Quest/Resources/Info.plist;
				INFOPLIST_KEY_CFBundleDisplayName = TriPick;
				INFOPLIST_KEY_NSCameraUsageDescription = "We need access to the camera";
				INFOPLIST_KEY_NSPhotoLibraryUsageDescription = "We need access to your photo library to let you choose an image for your profile icon.";
				INFOPLIST_KEY_NSUserTrackingUsageDescription = "This identifier will be used to show you personalized ads";
				INFOPLIST_KEY_UIApplicationSupportsIndirectInputEvents = YES;
				INFOPLIST_KEY_UILaunchStoryboardName = LaunchScreen;
				INFOPLIST_KEY_UIMainStoryboardFile = Main;
				INFOPLIST_KEY_UISupportedInterfaceOrientations = UIInterfaceOrientationPortrait;
				INFOPLIST_KEY_UISupportedInterfaceOrientations_iPad = "UIInterfaceOrientationLandscapeLeft UIInterfaceOrientationLandscapeRight UIInterfaceOrientationPortrait UIInterfaceOrientationPortraitUpsideDown";
				INFOPLIST_KEY_UIUserInterfaceStyle = Light;
				IPHONEOS_DEPLOYMENT_TARGET = 16.0;
				LD_RUNPATH_SEARCH_PATHS = (
					"$(inherited)",
					"@executable_path/Frameworks",
				);
				MARKETING_VERSION = 1.1;
				OTHER_LDFLAGS = "-ObjC";
				PRODUCT_BUNDLE_IDENTIFIER = com.alimeqebaali;
				PRODUCT_NAME = "$(TARGET_NAME)";
				PROVISIONING_PROFILE_SPECIFIER = "";
				SUPPORTED_PLATFORMS = "iphoneos iphonesimulator";
				SUPPORTS_MACCATALYST = NO;
				SUPPORTS_MAC_DESIGNED_FOR_IPHONE_IPAD = NO;
				SUPPORTS_XR_DESIGNED_FOR_IPHONE_IPAD = NO;
				SWIFT_EMIT_LOC_STRINGS = YES;
				SWIFT_VERSION = 5.0;
				TARGETED_DEVICE_FAMILY = 1;
			};
			name = Debug;
		};
		D57C98072DD73DD000EB42DA /* Release */ = {
			isa = XCBuildConfiguration;
			buildSettings = {
				ASSETCATALOG_COMPILER_APPICON_NAME = AppIcon;
				ASSETCATALOG_COMPILER_GLOBAL_ACCENT_COLOR_NAME = AccentColor;
				CODE_SIGN_ENTITLEMENTS = Quest/Quest.entitlements;
				CODE_SIGN_STYLE = Manual;
				CURRENT_PROJECT_VERSION = 1;
				DEVELOPMENT_TEAM = "";
				GENERATE_INFOPLIST_FILE = YES;
				INFOPLIST_FILE = Quest/Resources/Info.plist;
				INFOPLIST_KEY_CFBundleDisplayName = TriPick;
				INFOPLIST_KEY_NSCameraUsageDescription = "We need access to the camera";
				INFOPLIST_KEY_NSPhotoLibraryUsageDescription = "We need access to your photo library to let you choose an image for your profile icon.";
				INFOPLIST_KEY_NSUserTrackingUsageDescription = "This identifier will be used to show you personalized ads";
				INFOPLIST_KEY_UIApplicationSupportsIndirectInputEvents = YES;
				INFOPLIST_KEY_UILaunchStoryboardName = LaunchScreen;
				INFOPLIST_KEY_UIMainStoryboardFile = Main;
				INFOPLIST_KEY_UISupportedInterfaceOrientations = UIInterfaceOrientationPortrait;
				INFOPLIST_KEY_UISupportedInterfaceOrientations_iPad = "UIInterfaceOrientationLandscapeLeft UIInterfaceOrientationLandscapeRight UIInterfaceOrientationPortrait UIInterfaceOrientationPortraitUpsideDown";
				INFOPLIST_KEY_UIUserInterfaceStyle = Light;
				IPHONEOS_DEPLOYMENT_TARGET = 16.0;
				LD_RUNPATH_SEARCH_PATHS = (
					"$(inherited)",
					"@executable_path/Frameworks",
				);
				MARKETING_VERSION = 1.1;
				OTHER_LDFLAGS = "-ObjC";
				PRODUCT_BUNDLE_IDENTIFIER = com.alimeqebaali;
				PRODUCT_NAME = "$(TARGET_NAME)";
				PROVISIONING_PROFILE_SPECIFIER = "";
				SUPPORTED_PLATFORMS = "iphoneos iphonesimulator";
				SUPPORTS_MACCATALYST = NO;
				SUPPORTS_MAC_DESIGNED_FOR_IPHONE_IPAD = NO;
				SUPPORTS_XR_DESIGNED_FOR_IPHONE_IPAD = NO;
				SWIFT_EMIT_LOC_STRINGS = YES;
				SWIFT_VERSION = 5.0;
				TARGETED_DEVICE_FAMILY = 1;
			};
			name = Release;
		};
		D57C98082DD73DD000EB42DA /* Debug */ = {
			isa = XCBuildConfiguration;
			buildSettings = {
				ALWAYS_SEARCH_USER_PATHS = NO;
				ASSETCATALOG_COMPILER_GENERATE_SWIFT_ASSET_SYMBOL_EXTENSIONS = YES;
				CLANG_ANALYZER_NONNULL = YES;
				CLANG_ANALYZER_NUMBER_OBJECT_CONVERSION = YES_AGGRESSIVE;
				CLANG_CXX_LANGUAGE_STANDARD = "gnu++20";
				CLANG_ENABLE_MODULES = YES;
				CLANG_ENABLE_OBJC_ARC = YES;
				CLANG_ENABLE_OBJC_WEAK = YES;
				CLANG_WARN_BLOCK_CAPTURE_AUTORELEASING = YES;
				CLANG_WARN_BOOL_CONVERSION = YES;
				CLANG_WARN_COMMA = YES;
				CLANG_WARN_CONSTANT_CONVERSION = YES;
				CLANG_WARN_DEPRECATED_OBJC_IMPLEMENTATIONS = YES;
				CLANG_WARN_DIRECT_OBJC_ISA_USAGE = YES_ERROR;
				CLANG_WARN_DOCUMENTATION_COMMENTS = YES;
				CLANG_WARN_EMPTY_BODY = YES;
				CLANG_WARN_ENUM_CONVERSION = YES;
				CLANG_WARN_INFINITE_RECURSION = YES;
				CLANG_WARN_INT_CONVERSION = YES;
				CLANG_WARN_NON_LITERAL_NULL_CONVERSION = YES;
				CLANG_WARN_OBJC_IMPLICIT_RETAIN_SELF = YES;
				CLANG_WARN_OBJC_LITERAL_CONVERSION = YES;
				CLANG_WARN_OBJC_ROOT_CLASS = YES_ERROR;
				CLANG_WARN_QUOTED_INCLUDE_IN_FRAMEWORK_HEADER = YES;
				CLANG_WARN_RANGE_LOOP_ANALYSIS = YES;
				CLANG_WARN_STRICT_PROTOTYPES = YES;
				CLANG_WARN_SUSPICIOUS_MOVE = YES;
				CLANG_WARN_UNGUARDED_AVAILABILITY = YES_AGGRESSIVE;
				CLANG_WARN_UNREACHABLE_CODE = YES;
				CLANG_WARN__DUPLICATE_METHOD_MATCH = YES;
				COPY_PHASE_STRIP = NO;
				DEBUG_INFORMATION_FORMAT = dwarf;
				ENABLE_STRICT_OBJC_MSGSEND = YES;
				ENABLE_TESTABILITY = YES;
				ENABLE_USER_SCRIPT_SANDBOXING = YES;
				GCC_C_LANGUAGE_STANDARD = gnu17;
				GCC_DYNAMIC_NO_PIC = NO;
				GCC_NO_COMMON_BLOCKS = YES;
				GCC_OPTIMIZATION_LEVEL = 0;
				GCC_PREPROCESSOR_DEFINITIONS = (
					"DEBUG=1",
					"$(inherited)",
				);
				GCC_WARN_64_TO_32_BIT_CONVERSION = YES;
				GCC_WARN_ABOUT_RETURN_TYPE = YES_ERROR;
				GCC_WARN_UNDECLARED_SELECTOR = YES;
				GCC_WARN_UNINITIALIZED_AUTOS = YES_AGGRESSIVE;
				GCC_WARN_UNUSED_FUNCTION = YES;
				GCC_WARN_UNUSED_VARIABLE = YES;
				IPHONEOS_DEPLOYMENT_TARGET = 18.2;
				LOCALIZATION_PREFERS_STRING_CATALOGS = YES;
				MTL_ENABLE_DEBUG_INFO = INCLUDE_SOURCE;
				MTL_FAST_MATH = YES;
				ONLY_ACTIVE_ARCH = YES;
				SDKROOT = iphoneos;
				SWIFT_ACTIVE_COMPILATION_CONDITIONS = "DEBUG $(inherited)";
				SWIFT_OPTIMIZATION_LEVEL = "-Onone";
			};
			name = Debug;
		};
		D57C98092DD73DD000EB42DA /* Release */ = {
			isa = XCBuildConfiguration;
			buildSettings = {
				ALWAYS_SEARCH_USER_PATHS = NO;
				ASSETCATALOG_COMPILER_GENERATE_SWIFT_ASSET_SYMBOL_EXTENSIONS = YES;
				CLANG_ANALYZER_NONNULL = YES;
				CLANG_ANALYZER_NUMBER_OBJECT_CONVERSION = YES_AGGRESSIVE;
				CLANG_CXX_LANGUAGE_STANDARD = "gnu++20";
				CLANG_ENABLE_MODULES = YES;
				CLANG_ENABLE_OBJC_ARC = YES;
				CLANG_ENABLE_OBJC_WEAK = YES;
				CLANG_WARN_BLOCK_CAPTURE_AUTORELEASING = YES;
				CLANG_WARN_BOOL_CONVERSION = YES;
				CLANG_WARN_COMMA = YES;
				CLANG_WARN_CONSTANT_CONVERSION = YES;
				CLANG_WARN_DEPRECATED_OBJC_IMPLEMENTATIONS = YES;
				CLANG_WARN_DIRECT_OBJC_ISA_USAGE = YES_ERROR;
				CLANG_WARN_DOCUMENTATION_COMMENTS = YES;
				CLANG_WARN_EMPTY_BODY = YES;
				CLANG_WARN_ENUM_CONVERSION = YES;
				CLANG_WARN_INFINITE_RECURSION = YES;
				CLANG_WARN_INT_CONVERSION = YES;
				CLANG_WARN_NON_LITERAL_NULL_CONVERSION = YES;
				CLANG_WARN_OBJC_IMPLICIT_RETAIN_SELF = YES;
				CLANG_WARN_OBJC_LITERAL_CONVERSION = YES;
				CLANG_WARN_OBJC_ROOT_CLASS = YES_ERROR;
				CLANG_WARN_QUOTED_INCLUDE_IN_FRAMEWORK_HEADER = YES;
				CLANG_WARN_RANGE_LOOP_ANALYSIS = YES;
				CLANG_WARN_STRICT_PROTOTYPES = YES;
				CLANG_WARN_SUSPICIOUS_MOVE = YES;
				CLANG_WARN_UNGUARDED_AVAILABILITY = YES_AGGRESSIVE;
				CLANG_WARN_UNREACHABLE_CODE = YES;
				CLANG_WARN__DUPLICATE_METHOD_MATCH = YES;
				COPY_PHASE_STRIP = NO;
				DEBUG_INFORMATION_FORMAT = "dwarf-with-dsym";
				ENABLE_NS_ASSERTIONS = NO;
				ENABLE_STRICT_OBJC_MSGSEND = YES;
				ENABLE_USER_SCRIPT_SANDBOXING = YES;
				GCC_C_LANGUAGE_STANDARD = gnu17;
				GCC_NO_COMMON_BLOCKS = YES;
				GCC_WARN_64_TO_32_BIT_CONVERSION = YES;
				GCC_WARN_ABOUT_RETURN_TYPE = YES_ERROR;
				GCC_WARN_UNDECLARED_SELECTOR = YES;
				GCC_WARN_UNINITIALIZED_AUTOS = YES_AGGRESSIVE;
				GCC_WARN_UNUSED_FUNCTION = YES;
				GCC_WARN_UNUSED_VARIABLE = YES;
				IPHONEOS_DEPLOYMENT_TARGET = 18.2;
				LOCALIZATION_PREFERS_STRING_CATALOGS = YES;
				MTL_ENABLE_DEBUG_INFO = NO;
				MTL_FAST_MATH = YES;
				SDKROOT = iphoneos;
				SWIFT_COMPILATION_MODE = wholemodule;
				VALIDATE_PRODUCT = YES;
			};
			name = Release;
		};
/* End XCBuildConfiguration section */

/* Begin XCConfigurationList section */
		30511C6C2DF04D1F00D0AC11 /* Build configuration list for PBXNativeTarget "notificationsvc" */ = {
			isa = XCConfigurationList;
			buildConfigurations = (
				30511C6D2DF04D1F00D0AC11 /* Debug */,
				30511C6E2DF04D1F00D0AC11 /* Release */,
			);
			defaultConfigurationIsVisible = 0;
			defaultConfigurationName = Release;
		};
		D57C97ED2DD73DCD00EB42DA /* Build configuration list for PBXProject "Quest" */ = {
			isa = XCConfigurationList;
			buildConfigurations = (
				D57C98082DD73DD000EB42DA /* Debug */,
				D57C98092DD73DD000EB42DA /* Release */,
			);
			defaultConfigurationIsVisible = 0;
			defaultConfigurationName = Release;
		};
		D57C98052DD73DD000EB42DA /* Build configuration list for PBXNativeTarget "Quest" */ = {
			isa = XCConfigurationList;
			buildConfigurations = (
				D57C98062DD73DD000EB42DA /* Debug */,
				D57C98072DD73DD000EB42DA /* Release */,
			);
			defaultConfigurationIsVisible = 0;
			defaultConfigurationName = Release;
		};
/* End XCConfigurationList section */

/* Begin XCRemoteSwiftPackageReference section */
		30511BF42DF0365A00D0AC11 /* XCRemoteSwiftPackageReference "pushexpress-swift-sdk" */ = {
			isa = XCRemoteSwiftPackageReference;
			repositoryURL = "https://github.com/pushexpress/pushexpress-swift-sdk";
			requirement = {
				branch = main;
				kind = branch;
			};
		};
		30511BF72DF036A500D0AC11 /* XCRemoteSwiftPackageReference "AppsFlyerFramework" */ = {
			isa = XCRemoteSwiftPackageReference;
			repositoryURL = "https://github.com/AppsFlyerSDK/AppsFlyerFramework";
			requirement = {
				kind = upToNextMajorVersion;
				minimumVersion = 6.17.0;
			};
		};
		30511D1F2DF0749E00D0AC11 /* XCRemoteSwiftPackageReference "firebase-ios-sdk" */ = {
			isa = XCRemoteSwiftPackageReference;
			repositoryURL = "https://github.com/firebase/firebase-ios-sdk";
			requirement = {
				kind = upToNextMajorVersion;
				minimumVersion = 11.14.0;
			};
		};
/* End XCRemoteSwiftPackageReference section */

/* Begin XCSwiftPackageProductDependency section */
		30511BF52DF0365A00D0AC11 /* SdkPushExpress */ = {
			isa = XCSwiftPackageProductDependency;
			package = 30511BF42DF0365A00D0AC11 /* XCRemoteSwiftPackageReference "pushexpress-swift-sdk" */;
			productName = SdkPushExpress;
		};
		30511BF82DF036A500D0AC11 /* AppsFlyerLib */ = {
			isa = XCSwiftPackageProductDependency;
			package = 30511BF72DF036A500D0AC11 /* XCRemoteSwiftPackageReference "AppsFlyerFramework" */;
			productName = AppsFlyerLib;
		};
		30511C732DF04DDF00D0AC11 /* SdkPushExpress */ = {
			isa = XCSwiftPackageProductDependency;
			package = 30511BF42DF0365A00D0AC11 /* XCRemoteSwiftPackageReference "pushexpress-swift-sdk" */;
			productName = SdkPushExpress;
		};
		30511D202DF0749E00D0AC11 /* FirebaseAnalytics */ = {
			isa = XCSwiftPackageProductDependency;
			package = 30511D1F2DF0749E00D0AC11 /* XCRemoteSwiftPackageReference "firebase-ios-sdk" */;
			productName = FirebaseAnalytics;
		};
		30511D242DF0749E00D0AC11 /* FirebaseAnalyticsWithoutAdIdSupport */ = {
			isa = XCSwiftPackageProductDependency;
			package = 30511D1F2DF0749E00D0AC11 /* XCRemoteSwiftPackageReference "firebase-ios-sdk" */;
			productName = FirebaseAnalyticsWithoutAdIdSupport;
		};
		30511D262DF0749E00D0AC11 /* FirebaseAuth */ = {
			isa = XCSwiftPackageProductDependency;
			package = 30511D1F2DF0749E00D0AC11 /* XCRemoteSwiftPackageReference "firebase-ios-sdk" */;
			productName = FirebaseAuth;
		};
		30511D282DF0749E00D0AC11 /* FirebaseCore */ = {
			isa = XCSwiftPackageProductDependency;
			package = 30511D1F2DF0749E00D0AC11 /* XCRemoteSwiftPackageReference "firebase-ios-sdk" */;
			productName = FirebaseCore;
		};
		30511D2A2DF0749E00D0AC11 /* FirebaseFirestore */ = {
			isa = XCSwiftPackageProductDependency;
			package = 30511D1F2DF0749E00D0AC11 /* XCRemoteSwiftPackageReference "firebase-ios-sdk" */;
			productName = FirebaseFirestore;
		};
		30511D2C2DF0749E00D0AC11 /* FirebaseFunctions */ = {
			isa = XCSwiftPackageProductDependency;
			package = 30511D1F2DF0749E00D0AC11 /* XCRemoteSwiftPackageReference "firebase-ios-sdk" */;
			productName = FirebaseFunctions;
		};
		30511D2E2DF0749E00D0AC11 /* FirebaseRemoteConfig */ = {
			isa = XCSwiftPackageProductDependency;
			package = 30511D1F2DF0749E00D0AC11 /* XCRemoteSwiftPackageReference "firebase-ios-sdk" */;
			productName = FirebaseRemoteConfig;
		};
/* End XCSwiftPackageProductDependency section */
	};
	rootObject = D57C97EA2DD73DCD00EB42DA /* Project object */;
}
